
Microsoft Visual Studio Solution File, Format Version 12.00
# Visual Studio 2013
VisualStudioVersion = 12.0.30723.0
MinimumVisualStudioVersion = 10.0.40219.1
Project("{FAE04EC0-301F-11D3-BF4B-00C04F79EFBC}") = "Merchello.Reports.SalesReports", "Merchello.Reports.SalesReports\Merchello.Reports.SalesReports.csproj", "{28C43B0C-1725-4A21-BA37-A5D85F2FE471}"
EndProject
Project("{2150E333-8FDC-42A3-9474-1A3956D46DE8}") = "Build", "Build", "{6F23388A-8BA9-4CD3-A975-1DF7FD398E60}"
	ProjectSection(SolutionItems) = preProject
		..\build\build.bat = ..\build\build.bat
		..\build\package.xml = ..\build\package.xml
		..\build\readme.md = ..\build\readme.md
		..\build\SalesReports.build = ..\build\SalesReports.build
	EndProjectSection
EndProject
Global
	GlobalSection(SolutionConfigurationPlatforms) = preSolution
		Debug|Any CPU = Debug|Any CPU
		Release|Any CPU = Release|Any CPU
	EndGlobalSection
	GlobalSection(ProjectConfigurationPlatforms) = postSolution
		{28C43B0C-1725-4A21-BA37-A5D85F2FE471}.Debug|Any CPU.ActiveCfg = Debug|Any CPU
		{28C43B0C-1725-4A21-BA37-A5D85F2FE471}.Debug|Any CPU.Build.0 = Debug|Any CPU
		{28C43B0C-1725-4A21-BA37-A5D85F2FE471}.Release|Any CPU.ActiveCfg = Release|Any CPU
		{28C43B0C-1725-4A21-BA37-A5D85F2FE471}.Release|Any CPU.Build.0 = Release|Any CPU
	EndGlobalSection
	GlobalSection(SolutionProperties) = preSolution
		HideSolutionNode = FALSE
	EndGlobalSection
EndGlobal
