
Microsoft Visual Studio Solution File, Format Version 12.00
# Visual Studio 2013
VisualStudioVersion = 12.0.30501.0
MinimumVisualStudioVersion = 10.0.40219.1
Project("{FAE04EC0-301F-11D3-BF4B-00C04F79EFBC}") = "Merchello.Plugin.Shipping.FOA", "Merchello.Plugin.Shipping.FOA\Merchello.Plugin.Shipping.FOA.csproj", "{1DF5B026-8BF7-4929-B0C1-6235540E30BA}"
EndProject
Project("{2150E333-8FDC-42A3-9474-1A3956D46DE8}") = "Build", "Build", "{EC6E29B1-ACF4-4C1A-884D-24C64A20D8FF}"
	ProjectSection(SolutionItems) = preProject
		..\build\FOA.build = ..\build\FOA.build
		..\build\package.xml = ..\build\package.xml
	EndProjectSection
EndProject
Global
	GlobalSection(SolutionConfigurationPlatforms) = preSolution
		Debug|Any CPU = Debug|Any CPU
		Release|Any CPU = Release|Any CPU
	EndGlobalSection
	GlobalSection(ProjectConfigurationPlatforms) = postSolution
		{1DF5B026-8BF7-4929-B0C1-6235540E30BA}.Debug|Any CPU.ActiveCfg = Debug|Any CPU
		{1DF5B026-8BF7-4929-B0C1-6235540E30BA}.Debug|Any CPU.Build.0 = Debug|Any CPU
		{1DF5B026-8BF7-4929-B0C1-6235540E30BA}.Release|Any CPU.ActiveCfg = Release|Any CPU
		{1DF5B026-8BF7-4929-B0C1-6235540E30BA}.Release|Any CPU.Build.0 = Release|Any CPU
	EndGlobalSection
	GlobalSection(SolutionProperties) = preSolution
		HideSolutionNode = FALSE
	EndGlobalSection
EndGlobal
