
Microsoft Visual Studio Solution File, Format Version 12.00
# Visual Studio 2013
VisualStudioVersion = 12.0.30501.0
MinimumVisualStudioVersion = 10.0.40219.1
Project("{FAE04EC0-301F-11D3-BF4B-00C04F79EFBC}") = "Merchello.Tests.Chase.Integration", "Merchello.Tests.Chase.Integration.csproj", "{BCC10CD6-FDE0-4D90-8EB1-38F3D7A65FC0}"
EndProject
Global
	GlobalSection(SolutionConfigurationPlatforms) = preSolution
		Debug|Any CPU = Debug|Any CPU
		Release|Any CPU = Release|Any CPU
	EndGlobalSection
	GlobalSection(ProjectConfigurationPlatforms) = postSolution
		{BCC10CD6-FDE0-4D90-8EB1-38F3D7A65FC0}.Debug|Any CPU.ActiveCfg = Debug|Any CPU
		{BCC10CD6-FDE0-4D90-8EB1-38F3D7A65FC0}.Debug|Any CPU.Build.0 = Debug|Any CPU
		{BCC10CD6-FDE0-4D90-8EB1-38F3D7A65FC0}.Release|Any CPU.ActiveCfg = Release|Any CPU
		{BCC10CD6-FDE0-4D90-8EB1-38F3D7A65FC0}.Release|Any CPU.Build.0 = Release|Any CPU
	EndGlobalSection
	GlobalSection(SolutionProperties) = preSolution
		HideSolutionNode = FALSE
	EndGlobalSection
EndGlobal
