
Microsoft Visual Studio Solution File, Format Version 12.00
# Visual Studio 2013
VisualStudioVersion = 12.0.30501.0
MinimumVisualStudioVersion = 10.0.40219.1
Project("{FAE04EC0-301F-11D3-BF4B-00C04F79EFBC}") = "Merchello.Plugin.Payments.Epay", "Merchello.Plugin.Payments.Epay\Merchello.Plugin.Payments.Epay.csproj", "{4F68586A-603E-413D-9F17-FD49DF5DE184}"
EndProject
Project("{2150E333-8FDC-42A3-9474-1A3956D46DE8}") = "Tests", "Tests", "{2873BE55-CCA4-4EB3-A5FC-8A1DECB5A972}"
EndProject
Project("{2150E333-8FDC-42A3-9474-1A3956D46DE8}") = "Build", "Build", "{6E4FD3F4-EB16-4CD3-B891-ACAD204E9849}"
EndProject
Project("{FAE04EC0-301F-11D3-BF4B-00C04F79EFBC}") = "Merchello.Tests.Epay.Integration", "..\tests\Merchello.Tests.Epay.Integration\Merchello.Tests.Epay.Integration.csproj", "{F765AE1F-4719-4FAD-A8A4-DA17FEEC0A23}"
EndProject
Global
	GlobalSection(SolutionConfigurationPlatforms) = preSolution
		Debug|Any CPU = Debug|Any CPU
		Release|Any CPU = Release|Any CPU
	EndGlobalSection
	GlobalSection(ProjectConfigurationPlatforms) = postSolution
		{4F68586A-603E-413D-9F17-FD49DF5DE184}.Debug|Any CPU.ActiveCfg = Debug|Any CPU
		{4F68586A-603E-413D-9F17-FD49DF5DE184}.Debug|Any CPU.Build.0 = Debug|Any CPU
		{4F68586A-603E-413D-9F17-FD49DF5DE184}.Release|Any CPU.ActiveCfg = Release|Any CPU
		{4F68586A-603E-413D-9F17-FD49DF5DE184}.Release|Any CPU.Build.0 = Release|Any CPU
		{F765AE1F-4719-4FAD-A8A4-DA17FEEC0A23}.Debug|Any CPU.ActiveCfg = Debug|Any CPU
		{F765AE1F-4719-4FAD-A8A4-DA17FEEC0A23}.Debug|Any CPU.Build.0 = Debug|Any CPU
		{F765AE1F-4719-4FAD-A8A4-DA17FEEC0A23}.Release|Any CPU.ActiveCfg = Release|Any CPU
		{F765AE1F-4719-4FAD-A8A4-DA17FEEC0A23}.Release|Any CPU.Build.0 = Release|Any CPU
	EndGlobalSection
	GlobalSection(SolutionProperties) = preSolution
		HideSolutionNode = FALSE
	EndGlobalSection
	GlobalSection(NestedProjects) = preSolution
		{F765AE1F-4719-4FAD-A8A4-DA17FEEC0A23} = {2873BE55-CCA4-4EB3-A5FC-8A1DECB5A972}
	EndGlobalSection
EndGlobal
