
Microsoft Visual Studio Solution File, Format Version 12.00
# Visual Studio 2013
VisualStudioVersion = 12.0.30723.0
MinimumVisualStudioVersion = 10.0.40219.1
Project("{FAE04EC0-301F-11D3-BF4B-00C04F79EFBC}") = "Merchello.Plugin.Taxation.Taxjar", "Merchello.Plugin.Taxation.Taxjar\Merchello.Plugin.Taxation.Taxjar.csproj", "{C46A5D1F-F428-4BC3-8596-FFC9902A3E19}"
EndProject
Project("{2150E333-8FDC-42A3-9474-1A3956D46DE8}") = "Build", "Build", "{80532028-2AE1-45DC-80C1-0F13962BBC5E}"
	ProjectSection(SolutionItems) = preProject
		..\build\build.bat = ..\build\build.bat
		..\build\package.xml = ..\build\package.xml
		..\build\readme.txt = ..\build\readme.txt
		..\build\TaxJar.build = ..\build\TaxJar.build
	EndProjectSection
EndProject
Global
	GlobalSection(SolutionConfigurationPlatforms) = preSolution
		Debug|Any CPU = Debug|Any CPU
		Release|Any CPU = Release|Any CPU
	EndGlobalSection
	GlobalSection(ProjectConfigurationPlatforms) = postSolution
		{C46A5D1F-F428-4BC3-8596-FFC9902A3E19}.Debug|Any CPU.ActiveCfg = Debug|Any CPU
		{C46A5D1F-F428-4BC3-8596-FFC9902A3E19}.Debug|Any CPU.Build.0 = Debug|Any CPU
		{C46A5D1F-F428-4BC3-8596-FFC9902A3E19}.Release|Any CPU.ActiveCfg = Release|Any CPU
		{C46A5D1F-F428-4BC3-8596-FFC9902A3E19}.Release|Any CPU.Build.0 = Release|Any CPU
	EndGlobalSection
	GlobalSection(SolutionProperties) = preSolution
		HideSolutionNode = FALSE
	EndGlobalSection
EndGlobal
