
Microsoft Visual Studio Solution File, Format Version 12.00
# Visual Studio 14
VisualStudioVersion = 14.0.23107.0
MinimumVisualStudioVersion = 10.0.40219.1
Project("{FAE04EC0-301F-11D3-BF4B-00C04F79EFBC}") = "Merchello.Bazaar", "Merchello.Bazaar\Merchello.Bazaar.csproj", "{2B276787-0533-48A3-924E-DD0B3EAC0EF0}"
EndProject
Project("{E24C65DC-7377-472B-9ABA-BC803B73C61A}") = "Merchello.Web.UI", "http://localhost:58400", "{006ABEDC-08B3-4EE4-B6C8-F5B5C68B95F6}"
	ProjectSection(WebsiteProperties) = preProject
		UseIISExpress = "true"
		TargetFrameworkMoniker = ".NETFramework,Version%3Dv4.5"
		Debug.AspNetCompiler.VirtualPath = "/localhost_58400"
		Debug.AspNetCompiler.PhysicalPath = "Merchello.Web.UI\"
		Debug.AspNetCompiler.TargetPath = "PrecompiledWeb\localhost_58400\"
		Debug.AspNetCompiler.Updateable = "true"
		Debug.AspNetCompiler.ForceOverwrite = "true"
		Debug.AspNetCompiler.FixedNames = "false"
		Debug.AspNetCompiler.Debug = "True"
		Release.AspNetCompiler.VirtualPath = "/localhost_58400"
		Release.AspNetCompiler.PhysicalPath = "Merchello.Web.UI\"
		Release.AspNetCompiler.TargetPath = "PrecompiledWeb\localhost_58400\"
		Release.AspNetCompiler.Updateable = "true"
		Release.AspNetCompiler.ForceOverwrite = "true"
		Release.AspNetCompiler.FixedNames = "false"
		Release.AspNetCompiler.Debug = "False"
		SlnRelativePath = "Merchello.Web.UI\"
	EndProjectSection
EndProject
Global
	GlobalSection(SolutionConfigurationPlatforms) = preSolution
		Debug|Any CPU = Debug|Any CPU
		Release|Any CPU = Release|Any CPU
	EndGlobalSection
	GlobalSection(ProjectConfigurationPlatforms) = postSolution
		{2B276787-0533-48A3-924E-DD0B3EAC0EF0}.Debug|Any CPU.ActiveCfg = Debug|Any CPU
		{2B276787-0533-48A3-924E-DD0B3EAC0EF0}.Debug|Any CPU.Build.0 = Debug|Any CPU
		{2B276787-0533-48A3-924E-DD0B3EAC0EF0}.Release|Any CPU.ActiveCfg = Release|Any CPU
		{2B276787-0533-48A3-924E-DD0B3EAC0EF0}.Release|Any CPU.Build.0 = Release|Any CPU
		{006ABEDC-08B3-4EE4-B6C8-F5B5C68B95F6}.Debug|Any CPU.ActiveCfg = Debug|Any CPU
		{006ABEDC-08B3-4EE4-B6C8-F5B5C68B95F6}.Release|Any CPU.ActiveCfg = Debug|Any CPU
	EndGlobalSection
	GlobalSection(SolutionProperties) = preSolution
		HideSolutionNode = FALSE
	EndGlobalSection
EndGlobal
