
Microsoft Visual Studio Solution File, Format Version 12.00
# Visual Studio 14
VisualStudioVersion = 14.0.25123.0
MinimumVisualStudioVersion = 10.0.40219.1
Project("{FAE04EC0-301F-11D3-BF4B-00C04F79EFBC}") = "Merchello.Core", "Merchello.Core\Merchello.Core.csproj", "{D921B972-B572-487F-AF14-613713E1B4E7}"
EndProject
Project("{FAE04EC0-301F-11D3-BF4B-00C04F79EFBC}") = "Merchello.Web", "Merchello.Web\Merchello.Web.csproj", "{9DCEAC26-70C0-4B2F-88F5-FD2A2E2A30DF}"
EndProject
Project("{2150E333-8FDC-42A3-9474-1A3956D46DE8}") = "Tests", "Tests", "{F10CD53F-992E-4FFD-99F6-5538708D0A76}"
EndProject
Project("{FAE04EC0-301F-11D3-BF4B-00C04F79EFBC}") = "Merchello.Tests.UnitTests", "..\tests\Merchello.Tests.UnitTests\Merchello.Tests.UnitTests.csproj", "{E2ABBF84-7DA9-4E10-8AD6-F5FA2FBAA2CF}"
EndProject
Project("{FAE04EC0-301F-11D3-BF4B-00C04F79EFBC}") = "Merchello.Providers", "Merchello.Providers\Merchello.Providers.csproj", "{94E933DD-A2D6-4267-9AB4-E4B32E1B68B1}"
EndProject
Project("{FAE04EC0-301F-11D3-BF4B-00C04F79EFBC}") = "Merchello.Umbraco", "Merchello.Umbraco\Merchello.Umbraco.csproj", "{332EECFD-F193-4DCF-9B0B-11484584C600}"
EndProject
Global
	GlobalSection(SolutionConfigurationPlatforms) = preSolution
		Debug|Any CPU = Debug|Any CPU
		Release|Any CPU = Release|Any CPU
	EndGlobalSection
	GlobalSection(ProjectConfigurationPlatforms) = postSolution
		{D921B972-B572-487F-AF14-613713E1B4E7}.Debug|Any CPU.ActiveCfg = Debug|Any CPU
		{D921B972-B572-487F-AF14-613713E1B4E7}.Debug|Any CPU.Build.0 = Debug|Any CPU
		{D921B972-B572-487F-AF14-613713E1B4E7}.Release|Any CPU.ActiveCfg = Release|Any CPU
		{D921B972-B572-487F-AF14-613713E1B4E7}.Release|Any CPU.Build.0 = Release|Any CPU
		{9DCEAC26-70C0-4B2F-88F5-FD2A2E2A30DF}.Debug|Any CPU.ActiveCfg = Debug|Any CPU
		{9DCEAC26-70C0-4B2F-88F5-FD2A2E2A30DF}.Debug|Any CPU.Build.0 = Debug|Any CPU
		{9DCEAC26-70C0-4B2F-88F5-FD2A2E2A30DF}.Release|Any CPU.ActiveCfg = Release|Any CPU
		{9DCEAC26-70C0-4B2F-88F5-FD2A2E2A30DF}.Release|Any CPU.Build.0 = Release|Any CPU
		{E2ABBF84-7DA9-4E10-8AD6-F5FA2FBAA2CF}.Debug|Any CPU.ActiveCfg = Debug|Any CPU
		{E2ABBF84-7DA9-4E10-8AD6-F5FA2FBAA2CF}.Debug|Any CPU.Build.0 = Debug|Any CPU
		{E2ABBF84-7DA9-4E10-8AD6-F5FA2FBAA2CF}.Release|Any CPU.ActiveCfg = Release|Any CPU
		{E2ABBF84-7DA9-4E10-8AD6-F5FA2FBAA2CF}.Release|Any CPU.Build.0 = Release|Any CPU
		{94E933DD-A2D6-4267-9AB4-E4B32E1B68B1}.Debug|Any CPU.ActiveCfg = Debug|Any CPU
		{94E933DD-A2D6-4267-9AB4-E4B32E1B68B1}.Debug|Any CPU.Build.0 = Debug|Any CPU
		{94E933DD-A2D6-4267-9AB4-E4B32E1B68B1}.Release|Any CPU.ActiveCfg = Release|Any CPU
		{94E933DD-A2D6-4267-9AB4-E4B32E1B68B1}.Release|Any CPU.Build.0 = Release|Any CPU
		{332EECFD-F193-4DCF-9B0B-11484584C600}.Debug|Any CPU.ActiveCfg = Debug|Any CPU
		{332EECFD-F193-4DCF-9B0B-11484584C600}.Debug|Any CPU.Build.0 = Debug|Any CPU
		{332EECFD-F193-4DCF-9B0B-11484584C600}.Release|Any CPU.ActiveCfg = Release|Any CPU
		{332EECFD-F193-4DCF-9B0B-11484584C600}.Release|Any CPU.Build.0 = Release|Any CPU
	EndGlobalSection
	GlobalSection(SolutionProperties) = preSolution
		HideSolutionNode = FALSE
	EndGlobalSection
	GlobalSection(NestedProjects) = preSolution
		{E2ABBF84-7DA9-4E10-8AD6-F5FA2FBAA2CF} = {F10CD53F-992E-4FFD-99F6-5538708D0A76}
	EndGlobalSection
EndGlobal
